Microsoft Visual Studio Solution File, Format Version 11.00
# Visual Studio 2008

Project("{A56C7D65-6CCC-EA89-203E-D58972352336}") = "iia-1", "Assembly-CSharp.csproj", "{EC716029-C19E-551C-8ED0-D11CD3B5342B}"
EndProject
Global
	GlobalSection(SolutionConfigurationPlatforms) = preSolution
		Debug|Any CPU = Debug|Any CPU
		Release|Any CPU = Release|Any CPU
	EndGlobalSection
	GlobalSection(ProjectConfigurationPlatforms) = postSolution
		{EC716029-C19E-551C-8ED0-D11CD3B5342B}.Debug|Any CPU.ActiveCfg = Debug|Any CPU
		{EC716029-C19E-551C-8ED0-D11CD3B5342B}.Debug|Any CPU.Build.0 = Debug|Any CPU
		{EC716029-C19E-551C-8ED0-D11CD3B5342B}.Release|Any CPU.ActiveCfg = Release|Any CPU
		{EC716029-C19E-551C-8ED0-D11CD3B5342B}.Release|Any CPU.Build.0 = Release|Any CPU
	EndGlobalSection
	GlobalSection(SolutionProperties) = preSolution
		HideSolutionNode = FALSE
	EndGlobalSection
	GlobalSection(MonoDevelopProperties) = preSolution
		StartupItem = Assembly-CSharp.csproj
	EndGlobalSection
EndGlobal
